# This file is generated by running "yarn install" inside your project.
# Manual changes might be lost - proceed with caution!

__metadata:
  version: 8
  cacheKey: 10c0

"@types/node@npm:20":
  version: 20.17.9
  resolution: "@types/node@npm:20.17.9"
  dependencies:
    undici-types: "npm:~6.19.2"
  checksum: 10c0/1c37c3618407d56b76301578edabcb4c6a7ef093d0811c50fc4df8df68fc546797a294cafac0e50789f4e0e485cd1d6871964d8e6222fd420658bdae89c1fb4a
  languageName: node
  linkType: hard

"equilibrium-de.github.io@workspace:.":
  version: 0.0.0-use.local
  resolution: "equilibrium-de.github.io@workspace:."
  dependencies:
    "@types/node": "npm:20"
  languageName: unknown
  linkType: soft

"undici-types@npm:~6.19.2":
  version: 6.19.8
  resolution: "undici-types@npm:6.19.8"
  checksum: 10c0/078afa5990fba110f6824823ace86073b4638f1d5112ee26e790155f481f2a868cc3e0615505b6f4282bdf74a3d8caad715fd809e870c2bb0704e3ea6082f344
  languageName: node
  linkType: hard
